<?xml version="1.0" encoding="utf-8"?>
<Project ToolsVersion="4.0" xmlns="http://schemas.microsoft.com/developer/msbuild/2003">
  <ItemGroup>
    <Filter Include="Header Files">
      <UniqueIdentifier>{93995380-89BD-4b04-88EB-625FBE52EBFB}</UniqueIdentifier>
      <Extensions>h;hpp;hxx;hm;inl;inc;xsd</Extensions>
    </Filter>
    <Filter Include="Resource Files">
      <UniqueIdentifier>{67DA6AB6-F800-4c08-8B7A-83BB121AAD01}</UniqueIdentifier>
      <Extensions>rc;ico;cur;bmp;dlg;rc2;rct;bin;rgs;gif;jpg;jpeg;jpe;resx</Extensions>
    </Filter>
    <Filter Include="Source Files">
      <UniqueIdentifier>{4FC737F1-C7A5-4376-A066-2A32D752A2FF}</UniqueIdentifier>
      <Extensions>cpp;c;cc;cxx;def;odl;idl;hpj;bat;asm;asmx</Extensions>
    </Filter>
  </ItemGroup>
  <ItemGroup>
    <ClInclude Include="dsd2pcm\dsd2pcm.h">
      <Filter>Header Files</Filter>
    </ClInclude>
    <ClInclude Include="include\mpg123.h">
      <Filter>Header Files</Filter>
    </ClInclude>
    <ClInclude Include="neaacdec.h">
      <Filter>Header Files</Filter>
    </ClInclude>
    <ClInclude Include="include\neaacdec.h">
      <Filter>Header Files</Filter>
    </ClInclude>
    <ClInclude Include="include\pa_asio.h">
      <Filter>Header Files</Filter>
    </ClInclude>
    <ClInclude Include="include\pa_jack.h">
      <Filter>Header Files</Filter>
    </ClInclude>
    <ClInclude Include="include\pa_linux_alsa.h">
      <Filter>Header Files</Filter>
    </ClInclude>
    <ClInclude Include="include\pa_mac_core.h">
      <Filter>Header Files</Filter>
    </ClInclude>
    <ClInclude Include="include\pa_win_ds.h">
      <Filter>Header Files</Filter>
    </ClInclude>
    <ClInclude Include="include\pa_win_wasapi.h">
      <Filter>Header Files</Filter>
    </ClInclude>
    <ClInclude Include="include\pa_win_waveformat.h">
      <Filter>Header Files</Filter>
    </ClInclude>
    <ClInclude Include="include\pa_win_wdmks.h">
      <Filter>Header Files</Filter>
    </ClInclude>
    <ClInclude Include="include\pa_win_wmme.h">
      <Filter>Header Files</Filter>
    </ClInclude>
    <ClInclude Include="include\portaudio.h">
      <Filter>Header Files</Filter>
    </ClInclude>
    <ClInclude Include="slimproto.h">
      <Filter>Header Files</Filter>
    </ClInclude>
    <ClInclude Include="squeezelite.h">
      <Filter>Header Files</Filter>
    </ClInclude>
    <ClInclude Include="include\mad.h">
      <Filter>Header Files</Filter>
    </ClInclude>
    <ClInclude Include="include\soxr.h">
      <Filter>Header Files</Filter>
    </ClInclude>
    <ClInclude Include="include\stdint.h">
      <Filter>Header Files</Filter>
    </ClInclude>
    <ClInclude Include="include\inttypes.h">
      <Filter>Header Files</Filter>
    </ClInclude>
  </ItemGroup>
  <ItemGroup>
    <ClCompile Include="buffer.c">
      <Filter>Source Files</Filter>
    </ClCompile>
    <ClCompile Include="decode.c">
      <Filter>Source Files</Filter>
    </ClCompile>
    <ClCompile Include="dop.c">
      <Filter>Source Files</Filter>
    </ClCompile>
    <ClCompile Include="dsd.c">
      <Filter>Source Files</Filter>
    </ClCompile>
    <ClCompile Include="dsd2pcm\dsd2pcm.c">
      <Filter>Source Files</Filter>
    </ClCompile>
    <ClCompile Include="faad.c">
      <Filter>Source Files</Filter>
    </ClCompile>
    <ClCompile Include="ffmpeg.c">
      <Filter>Source Files</Filter>
    </ClCompile>
    <ClCompile Include="flac.c">
      <Filter>Source Files</Filter>
    </ClCompile>
    <ClCompile Include="ir.c">
      <Filter>Source Files</Filter>
    </ClCompile>
    <ClCompile Include="mad.c">
      <Filter>Source Files</Filter>
    </ClCompile>
    <ClCompile Include="main.c">
      <Filter>Source Files</Filter>
    </ClCompile>
    <ClCompile Include="mpg.c">
      <Filter>Source Files</Filter>
    </ClCompile>
    <ClCompile Include="output.c">
      <Filter>Source Files</Filter>
    </ClCompile>
    <ClCompile Include="output_alsa.c">
      <Filter>Source Files</Filter>
    </ClCompile>
    <ClCompile Include="output_pa.c">
      <Filter>Source Files</Filter>
    </ClCompile>
    <ClCompile Include="output_pack.c">
      <Filter>Source Files</Filter>
    </ClCompile>
    <ClCompile Include="output_stdout.c">
      <Filter>Source Files</Filter>
    </ClCompile>
    <ClCompile Include="output_vis.c">
      <Filter>Source Files</Filter>
    </ClCompile>
    <ClCompile Include="pcm.c">
      <Filter>Source Files</Filter>
    </ClCompile>
    <ClCompile Include="process.c">
      <Filter>Source Files</Filter>
    </ClCompile>
    <ClCompile Include="resample.c">
      <Filter>Source Files</Filter>
    </ClCompile>
    <ClCompile Include="slimproto.c">
      <Filter>Source Files</Filter>
    </ClCompile>
    <ClCompile Include="stream.c">
      <Filter>Source Files</Filter>
    </ClCompile>
    <ClCompile Include="utils.c">
      <Filter>Source Files</Filter>
    </ClCompile>
    <ClCompile Include="vorbis.c">
      <Filter>Source Files</Filter>
    </ClCompile>
  </ItemGroup>
  <ItemGroup>
    <None Include="lib\libfaad2.dll" />
    <None Include="lib\libFLAC.dll" />
    <None Include="lib\libmpg123-0.dll" />
    <None Include="lib\libsoxr.dll" />
    <None Include="include\mpg123.h.in" />
    <None Include="lib\portaudio.dll" />
    <None Include="dsd2pcm\LICENSE.txt" />
  </ItemGroup>
  <ItemGroup>
    <Library Include="include\portaudio.lib" />
    <Library Include="include\WS2_32.Lib" />
  </ItemGroup>
</Project>